# THIS IS AN AUTOGENERATED FILE. DO NOT EDIT THIS FILE DIRECTLY.
# yarn lockfile v1


vuetify@^3.1.5:
  version "3.1.5"
  resolved "https://registry.yarnpkg.com/vuetify/-/vuetify-3.1.5.tgz#6cf56891f2fa7502feec1a7b50bef6aa4bc4623e"
  integrity sha512-6DJYNuKrbxuL+MThmj+VbtvK9X3mY+s8Rqj1juj4RyeLSIAhE3byZf8Bo2/GxrU5Jv3zR07LZdpiq4wIl0ONzA==
